
Microsoft Visual Studio Solution File, Format Version 12.00
# Visual Studio Version 17
VisualStudioVersion = 17.8.34330.188
MinimumVisualStudioVersion = 10.0.40219.1
Project("{FAE04EC0-301F-11D3-BF4B-00C04F79EFBC}") = "BilgeCinema.MVC", "BilgeCinema.MVC\BilgeCinema.MVC.csproj", "{0723BB74-B276-4959-A098-143274B88F3B}"
EndProject
Global
	GlobalSection(SolutionConfigurationPlatforms) = preSolution
		Debug|Any CPU = Debug|Any CPU
		Release|Any CPU = Release|Any CPU
	EndGlobalSection
	GlobalSection(ProjectConfigurationPlatforms) = postSolution
		{0723BB74-B276-4959-A098-143274B88F3B}.Debug|Any CPU.ActiveCfg = Debug|Any CPU
		{0723BB74-B276-4959-A098-143274B88F3B}.Debug|Any CPU.Build.0 = Debug|Any CPU
		{0723BB74-B276-4959-A098-143274B88F3B}.Release|Any CPU.ActiveCfg = Release|Any CPU
		{0723BB74-B276-4959-A098-143274B88F3B}.Release|Any CPU.Build.0 = Release|Any CPU
	EndGlobalSection
	GlobalSection(SolutionProperties) = preSolution
		HideSolutionNode = FALSE
	EndGlobalSection
	GlobalSection(ExtensibilityGlobals) = postSolution
		SolutionGuid = {D387924E-30B3-4301-8EE6-7097DBFF8D59}
	EndGlobalSection
EndGlobal
